
Microsoft Visual Studio Solution File, Format Version 12.00
# Visual Studio 15
VisualStudioVersion = 15.0.27004.2006
MinimumVisualStudioVersion = 10.0.40219.1
Project("{9A19103F-16F7-4668-BE54-9A1E7A4F7556}") = "Tax.Data", "Tax.Data\Tax.Data.csproj", "{421D969D-2FA8-4FFF-B785-BF431B6A990F}"
EndProject
Project("{9A19103F-16F7-4668-BE54-9A1E7A4F7556}") = "Tax.Repository", "Tax.Repository\Tax.Repository.csproj", "{9F006905-5C87-4D67-AC17-94ED3872C08F}"
EndProject
Project("{9A19103F-16F7-4668-BE54-9A1E7A4F7556}") = "Tax.Core", "Tax.Core\Tax.Core.csproj", "{D8277527-C9FA-4EB0-B80D-14F157FEDD49}"
EndProject
Project("{2150E333-8FDC-42A3-9474-1A3956D46DE8}") = "Tests", "Tests", "{A67C2253-3438-46AB-AB15-7A818E439DCB}"
EndProject
Project("{9A19103F-16F7-4668-BE54-9A1E7A4F7556}") = "Tax.Tests.FunctionalTests", "Tax.Tests.FunctionalTests\Tax.Tests.FunctionalTests.csproj", "{8497E66B-301A-42A5-948B-29A05E2EEC54}"
EndProject
Project("{9A19103F-16F7-4668-BE54-9A1E7A4F7556}") = "Tax.Tests.Common", "Tax.Tests.Common\Tax.Tests.Common.csproj", "{2A0BA80A-D7C1-475A-93BB-CC2C60F62755}"
EndProject
Project("{9A19103F-16F7-4668-BE54-9A1E7A4F7556}") = "Tax.Tests.UnitTests", "Tax.Tests.UnitTests\Tax.Tests.UnitTests.csproj", "{3B9A6237-E3D2-4AA6-B13D-978321E63D03}"
EndProject
Project("{9A19103F-16F7-4668-BE54-9A1E7A4F7556}") = "Tax.Web", "Tax.Web\Tax.Web.csproj", "{A83E4AA1-AECA-4071-9EED-71EC09962930}"
EndProject
Project("{FAE04EC0-301F-11D3-BF4B-00C04F79EFBC}") = "Tax.Tests.IntegrationTests", "Tax.Tests.IntegrationTests\Tax.Tests.IntegrationTests.csproj", "{DB47A722-A205-4E44-910F-B7FB91F2C0B8}"
EndProject
Global
	GlobalSection(SolutionConfigurationPlatforms) = preSolution
		Debug|Any CPU = Debug|Any CPU
		Release|Any CPU = Release|Any CPU
	EndGlobalSection
	GlobalSection(ProjectConfigurationPlatforms) = postSolution
		{421D969D-2FA8-4FFF-B785-BF431B6A990F}.Debug|Any CPU.ActiveCfg = Debug|Any CPU
		{421D969D-2FA8-4FFF-B785-BF431B6A990F}.Debug|Any CPU.Build.0 = Debug|Any CPU
		{421D969D-2FA8-4FFF-B785-BF431B6A990F}.Release|Any CPU.ActiveCfg = Release|Any CPU
		{421D969D-2FA8-4FFF-B785-BF431B6A990F}.Release|Any CPU.Build.0 = Release|Any CPU
		{9F006905-5C87-4D67-AC17-94ED3872C08F}.Debug|Any CPU.ActiveCfg = Debug|Any CPU
		{9F006905-5C87-4D67-AC17-94ED3872C08F}.Debug|Any CPU.Build.0 = Debug|Any CPU
		{9F006905-5C87-4D67-AC17-94ED3872C08F}.Release|Any CPU.ActiveCfg = Release|Any CPU
		{9F006905-5C87-4D67-AC17-94ED3872C08F}.Release|Any CPU.Build.0 = Release|Any CPU
		{D8277527-C9FA-4EB0-B80D-14F157FEDD49}.Debug|Any CPU.ActiveCfg = Debug|Any CPU
		{D8277527-C9FA-4EB0-B80D-14F157FEDD49}.Debug|Any CPU.Build.0 = Debug|Any CPU
		{D8277527-C9FA-4EB0-B80D-14F157FEDD49}.Release|Any CPU.ActiveCfg = Release|Any CPU
		{D8277527-C9FA-4EB0-B80D-14F157FEDD49}.Release|Any CPU.Build.0 = Release|Any CPU
		{8497E66B-301A-42A5-948B-29A05E2EEC54}.Debug|Any CPU.ActiveCfg = Debug|Any CPU
		{8497E66B-301A-42A5-948B-29A05E2EEC54}.Debug|Any CPU.Build.0 = Debug|Any CPU
		{8497E66B-301A-42A5-948B-29A05E2EEC54}.Release|Any CPU.ActiveCfg = Release|Any CPU
		{8497E66B-301A-42A5-948B-29A05E2EEC54}.Release|Any CPU.Build.0 = Release|Any CPU
		{2A0BA80A-D7C1-475A-93BB-CC2C60F62755}.Debug|Any CPU.ActiveCfg = Debug|Any CPU
		{2A0BA80A-D7C1-475A-93BB-CC2C60F62755}.Debug|Any CPU.Build.0 = Debug|Any CPU
		{2A0BA80A-D7C1-475A-93BB-CC2C60F62755}.Release|Any CPU.ActiveCfg = Release|Any CPU
		{2A0BA80A-D7C1-475A-93BB-CC2C60F62755}.Release|Any CPU.Build.0 = Release|Any CPU
		{3B9A6237-E3D2-4AA6-B13D-978321E63D03}.Debug|Any CPU.ActiveCfg = Debug|Any CPU
		{3B9A6237-E3D2-4AA6-B13D-978321E63D03}.Debug|Any CPU.Build.0 = Debug|Any CPU
		{3B9A6237-E3D2-4AA6-B13D-978321E63D03}.Release|Any CPU.ActiveCfg = Release|Any CPU
		{3B9A6237-E3D2-4AA6-B13D-978321E63D03}.Release|Any CPU.Build.0 = Release|Any CPU
		{A83E4AA1-AECA-4071-9EED-71EC09962930}.Debug|Any CPU.ActiveCfg = Debug|Any CPU
		{A83E4AA1-AECA-4071-9EED-71EC09962930}.Debug|Any CPU.Build.0 = Debug|Any CPU
		{A83E4AA1-AECA-4071-9EED-71EC09962930}.Release|Any CPU.ActiveCfg = Release|Any CPU
		{A83E4AA1-AECA-4071-9EED-71EC09962930}.Release|Any CPU.Build.0 = Release|Any CPU
		{DB47A722-A205-4E44-910F-B7FB91F2C0B8}.Debug|Any CPU.ActiveCfg = Debug|Any CPU
		{DB47A722-A205-4E44-910F-B7FB91F2C0B8}.Debug|Any CPU.Build.0 = Debug|Any CPU
		{DB47A722-A205-4E44-910F-B7FB91F2C0B8}.Release|Any CPU.ActiveCfg = Release|Any CPU
		{DB47A722-A205-4E44-910F-B7FB91F2C0B8}.Release|Any CPU.Build.0 = Release|Any CPU
	EndGlobalSection
	GlobalSection(SolutionProperties) = preSolution
		HideSolutionNode = FALSE
	EndGlobalSection
	GlobalSection(NestedProjects) = preSolution
		{8497E66B-301A-42A5-948B-29A05E2EEC54} = {A67C2253-3438-46AB-AB15-7A818E439DCB}
		{2A0BA80A-D7C1-475A-93BB-CC2C60F62755} = {A67C2253-3438-46AB-AB15-7A818E439DCB}
		{3B9A6237-E3D2-4AA6-B13D-978321E63D03} = {A67C2253-3438-46AB-AB15-7A818E439DCB}
		{DB47A722-A205-4E44-910F-B7FB91F2C0B8} = {A67C2253-3438-46AB-AB15-7A818E439DCB}
	EndGlobalSection
	GlobalSection(ExtensibilityGlobals) = postSolution
		SolutionGuid = {DEBEC023-E3A7-476B-B6C5-D25FE085F486}
	EndGlobalSection
EndGlobal
